
Microsoft Visual Studio Solution File, Format Version 12.00
# Visual Studio Version 17
VisualStudioVersion = 17.7.34018.315
MinimumVisualStudioVersion = 10.0.40219.1
Project("{FAE04EC0-301F-11D3-BF4B-00C04F79EFBC}") = "RaythosAerospace", "RaythosAerospace.csproj", "{3D411EB2-F56A-490A-A127-FAE11A59652D}"
EndProject
Global
	GlobalSection(SolutionConfigurationPlatforms) = preSolution
		Debug|Any CPU = Debug|Any CPU
		Release|Any CPU = Release|Any CPU
	EndGlobalSection
	GlobalSection(ProjectConfigurationPlatforms) = postSolution
		{3D411EB2-F56A-490A-A127-FAE11A59652D}.Debug|Any CPU.ActiveCfg = Debug|Any CPU
		{3D411EB2-F56A-490A-A127-FAE11A59652D}.Debug|Any CPU.Build.0 = Debug|Any CPU
		{3D411EB2-F56A-490A-A127-FAE11A59652D}.Release|Any CPU.ActiveCfg = Release|Any CPU
		{3D411EB2-F56A-490A-A127-FAE11A59652D}.Release|Any CPU.Build.0 = Release|Any CPU
	EndGlobalSection
	GlobalSection(SolutionProperties) = preSolution
		HideSolutionNode = FALSE
	EndGlobalSection
	GlobalSection(ExtensibilityGlobals) = postSolution
		SolutionGuid = {ED3F3B10-AAAE-4E44-8FC9-540FBCF73F6B}
	EndGlobalSection
EndGlobal
